// !$*UTF8*$!
{
	archiveVersion = 1;
	classes = {
	};
	objectVersion = 50;
	objects = {

/* Begin PBXBuildFile section */
		053885C72317BDC400B23524 /* SPBaseCollectionViewCell.m in Sources */ = {isa = PBXBuildFile; fileRef = 053885C62317BDC400B23524 /* SPBaseCollectionViewCell.m */; };
		C7CFB30D2317A1710085836F /* AppDelegate.m in Sources */ = {isa = PBXBuildFile; fileRef = C7CFB30C2317A1710085836F /* AppDelegate.m */; };
		C7CFB3102317A1710085836F /* ViewController.m in Sources */ = {isa = PBXBuildFile; fileRef = C7CFB30F2317A1710085836F /* ViewController.m */; };
		C7CFB3132317A1710085836F /* Main.storyboard in Resources */ = {isa = PBXBuildFile; fileRef = C7CFB3112317A1710085836F /* Main.storyboard */; };
		C7CFB3152317A1730085836F /* Assets.xcassets in Resources */ = {isa = PBXBuildFile; fileRef = C7CFB3142317A1730085836F /* Assets.xcassets */; };
		C7CFB3182317A1730085836F /* LaunchScreen.storyboard in Resources */ = {isa = PBXBuildFile; fileRef = C7CFB3162317A1730085836F /* LaunchScreen.storyboard */; };
		C7CFB31B2317A1730085836F /* main.m in Sources */ = {isa = PBXBuildFile; fileRef = C7CFB31A2317A1730085836F /* main.m */; };
		C7CFB3262317A5930085836F /* SPDropMainMenu.m in Sources */ = {isa = PBXBuildFile; fileRef = C7CFB3252317A5930085836F /* SPDropMainMenu.m */; };
		C7CFB32A2317A5E30085836F /* SPDropItem.m in Sources */ = {isa = PBXBuildFile; fileRef = C7CFB3292317A5E30085836F /* SPDropItem.m */; };
		C7CFB32E2317A8560085836F /* SPDropMenu.m in Sources */ = {isa = PBXBuildFile; fileRef = C7CFB32D2317A8550085836F /* SPDropMenu.m */; };
		C7CFB3312317C4610085836F /* icon.png in Resources */ = {isa = PBXBuildFile; fileRef = C7CFB3302317C4610085836F /* icon.png */; };
		C7CFB3332317CC410085836F /* icon_HL.png in Resources */ = {isa = PBXBuildFile; fileRef = C7CFB3322317CC400085836F /* icon_HL.png */; };
/* End PBXBuildFile section */

/* Begin PBXFileReference section */
		0517ACA4235596FF0011AAC7 /* SPDropMainMenuHeader.h */ = {isa = PBXFileReference; lastKnownFileType = sourcecode.c.h; path = SPDropMainMenuHeader.h; sourceTree = "<group>"; };
		053885C52317BDC400B23524 /* SPBaseCollectionViewCell.h */ = {isa = PBXFileReference; lastKnownFileType = sourcecode.c.h; path = SPBaseCollectionViewCell.h; sourceTree = "<group>"; };
		053885C62317BDC400B23524 /* SPBaseCollectionViewCell.m */ = {isa = PBXFileReference; lastKnownFileType = sourcecode.c.objc; path = SPBaseCollectionViewCell.m; sourceTree = "<group>"; };
		C7CFB3082317A1710085836F /* DropDownMenu.app */ = {isa = PBXFileReference; explicitFileType = wrapper.application; includeInIndex = 0; path = DropDownMenu.app; sourceTree = BUILT_PRODUCTS_DIR; };
		C7CFB30B2317A1710085836F /* AppDelegate.h */ = {isa = PBXFileReference; lastKnownFileType = sourcecode.c.h; path = AppDelegate.h; sourceTree = "<group>"; };
		C7CFB30C2317A1710085836F /* AppDelegate.m */ = {isa = PBXFileReference; lastKnownFileType = sourcecode.c.objc; path = AppDelegate.m; sourceTree = "<group>"; };
		C7CFB30E2317A1710085836F /* ViewController.h */ = {isa = PBXFileReference; lastKnownFileType = sourcecode.c.h; path = ViewController.h; sourceTree = "<group>"; };
		C7CFB30F2317A1710085836F /* ViewController.m */ = {isa = PBXFileReference; lastKnownFileType = sourcecode.c.objc; path = ViewController.m; sourceTree = "<group>"; };
		C7CFB3122317A1710085836F /* Base */ = {isa = PBXFileReference; lastKnownFileType = file.storyboard; name = Base; path = Base.lproj/Main.storyboard; sourceTree = "<group>"; };
		C7CFB3142317A1730085836F /* Assets.xcassets */ = {isa = PBXFileReference; lastKnownFileType = folder.assetcatalog; path = Assets.xcassets; sourceTree = "<group>"; };
		C7CFB3172317A1730085836F /* Base */ = {isa = PBXFileReference; lastKnownFileType = file.storyboard; name = Base; path = Base.lproj/LaunchScreen.storyboard; sourceTree = "<group>"; };
		C7CFB3192317A1730085836F /* Info.plist */ = {isa = PBXFileReference; lastKnownFileType = text.plist.xml; path = Info.plist; sourceTree = "<group>"; };
		C7CFB31A2317A1730085836F /* main.m */ = {isa = PBXFileReference; lastKnownFileType = sourcecode.c.objc; path = main.m; sourceTree = "<group>"; };
		C7CFB3242317A5930085836F /* SPDropMainMenu.h */ = {isa = PBXFileReference; lastKnownFileType = sourcecode.c.h; path = SPDropMainMenu.h; sourceTree = "<group>"; };
		C7CFB3252317A5930085836F /* SPDropMainMenu.m */ = {isa = PBXFileReference; lastKnownFileType = sourcecode.c.objc; path = SPDropMainMenu.m; sourceTree = "<group>"; };
		C7CFB3272317A5C20085836F /* SPDropItemProtocol.h */ = {isa = PBXFileReference; lastKnownFileType = sourcecode.c.h; path = SPDropItemProtocol.h; sourceTree = "<group>"; };
		C7CFB3282317A5E30085836F /* SPDropItem.h */ = {isa = PBXFileReference; lastKnownFileType = sourcecode.c.h; path = SPDropItem.h; sourceTree = "<group>"; };
		C7CFB3292317A5E30085836F /* SPDropItem.m */ = {isa = PBXFileReference; lastKnownFileType = sourcecode.c.objc; path = SPDropItem.m; sourceTree = "<group>"; };
		C7CFB32C2317A8550085836F /* SPDropMenu.h */ = {isa = PBXFileReference; lastKnownFileType = sourcecode.c.h; path = SPDropMenu.h; sourceTree = "<group>"; };
		C7CFB32D2317A8550085836F /* SPDropMenu.m */ = {isa = PBXFileReference; lastKnownFileType = sourcecode.c.objc; path = SPDropMenu.m; sourceTree = "<group>"; };
		C7CFB3302317C4610085836F /* icon.png */ = {isa = PBXFileReference; lastKnownFileType = image.png; path = icon.png; sourceTree = "<group>"; };
		C7CFB3322317CC400085836F /* icon_HL.png */ = {isa = PBXFileReference; lastKnownFileType = image.png; path = icon_HL.png; sourceTree = "<group>"; };
/* End PBXFileReference section */

/* Begin PBXFrameworksBuildPhase section */
		C7CFB3052317A1710085836F /* Frameworks */ = {
			isa = PBXFrameworksBuildPhase;
			buildActionMask = 2147483647;
			files = (
			);
			runOnlyForDeploymentPostprocessing = 0;
		};
/* End PBXFrameworksBuildPhase section */

/* Begin PBXGroup section */
		0517ACA3235596850011AAC7 /* Header */ = {
			isa = PBXGroup;
			children = (
				0517ACA4235596FF0011AAC7 /* SPDropMainMenuHeader.h */,
			);
			name = Header;
			path = DropDownMenu/class/Header;
			sourceTree = SOURCE_ROOT;
		};
		053885C42317BDB700B23524 /* subView */ = {
			isa = PBXGroup;
			children = (
				053885C52317BDC400B23524 /* SPBaseCollectionViewCell.h */,
				053885C62317BDC400B23524 /* SPBaseCollectionViewCell.m */,
			);
			name = subView;
			path = DropDownMenu/class/subView;
			sourceTree = SOURCE_ROOT;
		};
		C7CFB2FF2317A1710085836F = {
			isa = PBXGroup;
			children = (
				C7CFB30A2317A1710085836F /* DropDownMenu */,
				C7CFB3092317A1710085836F /* Products */,
			);
			sourceTree = "<group>";
		};
		C7CFB3092317A1710085836F /* Products */ = {
			isa = PBXGroup;
			children = (
				C7CFB3082317A1710085836F /* DropDownMenu.app */,
			);
			name = Products;
			sourceTree = "<group>";
		};
		C7CFB30A2317A1710085836F /* DropDownMenu */ = {
			isa = PBXGroup;
			children = (
				C7CFB3212317A1E90085836F /* class */,
				C7CFB30B2317A1710085836F /* AppDelegate.h */,
				C7CFB30C2317A1710085836F /* AppDelegate.m */,
				C7CFB30E2317A1710085836F /* ViewController.h */,
				C7CFB30F2317A1710085836F /* ViewController.m */,
				C7CFB3112317A1710085836F /* Main.storyboard */,
				C7CFB3302317C4610085836F /* icon.png */,
				C7CFB3322317CC400085836F /* icon_HL.png */,
				C7CFB3142317A1730085836F /* Assets.xcassets */,
				C7CFB3162317A1730085836F /* LaunchScreen.storyboard */,
				C7CFB3192317A1730085836F /* Info.plist */,
				C7CFB31A2317A1730085836F /* main.m */,
			);
			path = DropDownMenu;
			sourceTree = "<group>";
		};
		C7CFB3212317A1E90085836F /* class */ = {
			isa = PBXGroup;
			children = (
				C7CFB32B2317A7C70085836F /* main */,
				C7CFB3232317A2060085836F /* protocol */,
				C7CFB3222317A1FD0085836F /* model */,
				C7CFB32C2317A8550085836F /* SPDropMenu.h */,
				C7CFB32D2317A8550085836F /* SPDropMenu.m */,
			);
			path = class;
			sourceTree = "<group>";
		};
		C7CFB3222317A1FD0085836F /* model */ = {
			isa = PBXGroup;
			children = (
				C7CFB3282317A5E30085836F /* SPDropItem.h */,
				C7CFB3292317A5E30085836F /* SPDropItem.m */,
			);
			path = model;
			sourceTree = "<group>";
		};
		C7CFB3232317A2060085836F /* protocol */ = {
			isa = PBXGroup;
			children = (
				C7CFB3272317A5C20085836F /* SPDropItemProtocol.h */,
			);
			path = protocol;
			sourceTree = "<group>";
		};
		C7CFB32B2317A7C70085836F /* main */ = {
			isa = PBXGroup;
			children = (
				0517ACA3235596850011AAC7 /* Header */,
				053885C42317BDB700B23524 /* subView */,
				C7CFB3242317A5930085836F /* SPDropMainMenu.h */,
				C7CFB3252317A5930085836F /* SPDropMainMenu.m */,
			);
			path = main;
			sourceTree = "<group>";
		};
/* End PBXGroup section */

/* Begin PBXNativeTarget section */
		C7CFB3072317A1710085836F /* DropDownMenu */ = {
			isa = PBXNativeTarget;
			buildConfigurationList = C7CFB31E2317A1730085836F /* Build configuration list for PBXNativeTarget "DropDownMenu" */;
			buildPhases = (
				C7CFB3042317A1710085836F /* Sources */,
				C7CFB3052317A1710085836F /* Frameworks */,
				C7CFB3062317A1710085836F /* Resources */,
			);
			buildRules = (
			);
			dependencies = (
			);
			name = DropDownMenu;
			productName = DropDownMenu;
			productReference = C7CFB3082317A1710085836F /* DropDownMenu.app */;
			productType = "com.apple.product-type.application";
		};
/* End PBXNativeTarget section */

/* Begin PBXProject section */
		C7CFB3002317A1710085836F /* Project object */ = {
			isa = PBXProject;
			attributes = {
				CLASSPREFIX = SP;
				LastUpgradeCheck = 1030;
				ORGANIZATIONNAME = SampleProjectsBooth;
				TargetAttributes = {
					C7CFB3072317A1710085836F = {
						CreatedOnToolsVersion = 10.3;
					};
				};
			};
			buildConfigurationList = C7CFB3032317A1710085836F /* Build configuration list for PBXProject "DropDownMenu" */;
			compatibilityVersion = "Xcode 9.3";
			developmentRegion = en;
			hasScannedForEncodings = 0;
			knownRegions = (
				en,
				Base,
			);
			mainGroup = C7CFB2FF2317A1710085836F;
			productRefGroup = C7CFB3092317A1710085836F /* Products */;
			projectDirPath = "";
			projectRoot = "";
			targets = (
				C7CFB3072317A1710085836F /* DropDownMenu */,
			);
		};
/* End PBXProject section */

/* Begin PBXResourcesBuildPhase section */
		C7CFB3062317A1710085836F /* Resources */ = {
			isa = PBXResourcesBuildPhase;
			buildActionMask = 2147483647;
			files = (
				C7CFB3182317A1730085836F /* LaunchScreen.storyboard in Resources */,
				C7CFB3152317A1730085836F /* Assets.xcassets in Resources */,
				C7CFB3132317A1710085836F /* Main.storyboard in Resources */,
				C7CFB3312317C4610085836F /* icon.png in Resources */,
				C7CFB3332317CC410085836F /* icon_HL.png in Resources */,
			);
			runOnlyForDeploymentPostprocessing = 0;
		};
/* End PBXResourcesBuildPhase section */

/* Begin PBXSourcesBuildPhase section */
		C7CFB3042317A1710085836F /* Sources */ = {
			isa = PBXSourcesBuildPhase;
			buildActionMask = 2147483647;
			files = (
				C7CFB32E2317A8560085836F /* SPDropMenu.m in Sources */,
				C7CFB3262317A5930085836F /* SPDropMainMenu.m in Sources */,
				053885C72317BDC400B23524 /* SPBaseCollectionViewCell.m in Sources */,
				C7CFB3102317A1710085836F /* ViewController.m in Sources */,
				C7CFB31B2317A1730085836F /* main.m in Sources */,
				C7CFB32A2317A5E30085836F /* SPDropItem.m in Sources */,
				C7CFB30D2317A1710085836F /* AppDelegate.m in Sources */,
			);
			runOnlyForDeploymentPostprocessing = 0;
		};
/* End PBXSourcesBuildPhase section */

/* Begin PBXVariantGroup section */
		C7CFB3112317A1710085836F /* Main.storyboard */ = {
			isa = PBXVariantGroup;
			children = (
				C7CFB3122317A1710085836F /* Base */,
			);
			name = Main.storyboard;
			sourceTree = "<group>";
		};
		C7CFB3162317A1730085836F /* LaunchScreen.storyboard */ = {
			isa = PBXVariantGroup;
			children = (
				C7CFB3172317A1730085836F /* Base */,
			);
			name = LaunchScreen.storyboard;
			sourceTree = "<group>";
		};
/* End PBXVariantGroup section */

/* Begin XCBuildConfiguration section */
		C7CFB31C2317A1730085836F /* Debug */ = {
			isa = XCBuildConfiguration;
			buildSettings = {
				ALWAYS_SEARCH_USER_PATHS = NO;
				CLANG_ANALYZER_NONNULL = YES;
				CLANG_ANALYZER_NUMBER_OBJECT_CONVERSION = YES_AGGRESSIVE;
				CLANG_CXX_LANGUAGE_STANDARD = "gnu++14";
				CLANG_CXX_LIBRARY = "libc++";
				CLANG_ENABLE_MODULES = YES;
				CLANG_ENABLE_OBJC_ARC = YES;
				CLANG_ENABLE_OBJC_WEAK = YES;
				CLANG_WARN_BLOCK_CAPTURE_AUTORELEASING = YES;
				CLANG_WARN_BOOL_CONVERSION = YES;
				CLANG_WARN_COMMA = YES;
				CLANG_WARN_CONSTANT_CONVERSION = YES;
				CLANG_WARN_DEPRECATED_OBJC_IMPLEMENTATIONS = YES;
				CLANG_WARN_DIRECT_OBJC_ISA_USAGE = YES_ERROR;
				CLANG_WARN_DOCUMENTATION_COMMENTS = YES;
				CLANG_WARN_EMPTY_BODY = YES;
				CLANG_WARN_ENUM_CONVERSION = YES;
				CLANG_WARN_INFINITE_RECURSION = YES;
				CLANG_WARN_INT_CONVERSION = YES;
				CLANG_WARN_NON_LITERAL_NULL_CONVERSION = YES;
				CLANG_WARN_OBJC_IMPLICIT_RETAIN_SELF = YES;
				CLANG_WARN_OBJC_LITERAL_CONVERSION = YES;
				CLANG_WARN_OBJC_ROOT_CLASS = YES_ERROR;
				CLANG_WARN_RANGE_LOOP_ANALYSIS = YES;
				CLANG_WARN_STRICT_PROTOTYPES = YES;
				CLANG_WARN_SUSPICIOUS_MOVE = YES;
				CLANG_WARN_UNGUARDED_AVAILABILITY = YES_AGGRESSIVE;
				CLANG_WARN_UNREACHABLE_CODE = YES;
				CLANG_WARN__DUPLICATE_METHOD_MATCH = YES;
				CODE_SIGN_IDENTITY = "iPhone Developer";
				COPY_PHASE_STRIP = NO;
				DEBUG_INFORMATION_FORMAT = dwarf;
				ENABLE_STRICT_OBJC_MSGSEND = YES;
				ENABLE_TESTABILITY = YES;
				GCC_C_LANGUAGE_STANDARD = gnu11;
				GCC_DYNAMIC_NO_PIC = NO;
				GCC_NO_COMMON_BLOCKS = YES;
				GCC_OPTIMIZATION_LEVEL = 0;
				GCC_PREPROCESSOR_DEFINITIONS = (
					"DEBUG=1",
					"$(inherited)",
				);
				GCC_WARN_64_TO_32_BIT_CONVERSION = YES;
				GCC_WARN_ABOUT_RETURN_TYPE = YES_ERROR;
				GCC_WARN_UNDECLARED_SELECTOR = YES;
				GCC_WARN_UNINITIALIZED_AUTOS = YES_AGGRESSIVE;
				GCC_WARN_UNUSED_FUNCTION = YES;
				GCC_WARN_UNUSED_VARIABLE = YES;
				IPHONEOS_DEPLOYMENT_TARGET = 7.0;
				MTL_ENABLE_DEBUG_INFO = INCLUDE_SOURCE;
				MTL_FAST_MATH = YES;
				ONLY_ACTIVE_ARCH = YES;
				SDKROOT = iphoneos;
			};
			name = Debug;
		};
		C7CFB31D2317A1730085836F /* Release */ = {
			isa = XCBuildConfiguration;
			buildSettings = {
				ALWAYS_SEARCH_USER_PATHS = NO;
				CLANG_ANALYZER_NONNULL = YES;
				CLANG_ANALYZER_NUMBER_OBJECT_CONVERSION = YES_AGGRESSIVE;
				CLANG_CXX_LANGUAGE_STANDARD = "gnu++14";
				CLANG_CXX_LIBRARY = "libc++";
				CLANG_ENABLE_MODULES = YES;
				CLANG_ENABLE_OBJC_ARC = YES;
				CLANG_ENABLE_OBJC_WEAK = YES;
				CLANG_WARN_BLOCK_CAPTURE_AUTORELEASING = YES;
				CLANG_WARN_BOOL_CONVERSION = YES;
				CLANG_WARN_COMMA = YES;
				CLANG_WARN_CONSTANT_CONVERSION = YES;
				CLANG_WARN_DEPRECATED_OBJC_IMPLEMENTATIONS = YES;
				CLANG_WARN_DIRECT_OBJC_ISA_USAGE = YES_ERROR;
				CLANG_WARN_DOCUMENTATION_COMMENTS = YES;
				CLANG_WARN_EMPTY_BODY = YES;
				CLANG_WARN_ENUM_CONVERSION = YES;
				CLANG_WARN_INFINITE_RECURSION = YES;
				CLANG_WARN_INT_CONVERSION = YES;
				CLANG_WARN_NON_LITERAL_NULL_CONVERSION = YES;
				CLANG_WARN_OBJC_IMPLICIT_RETAIN_SELF = YES;
				CLANG_WARN_OBJC_LITERAL_CONVERSION = YES;
				CLANG_WARN_OBJC_ROOT_CLASS = YES_ERROR;
				CLANG_WARN_RANGE_LOOP_ANALYSIS = YES;
				CLANG_WARN_STRICT_PROTOTYPES = YES;
				CLANG_WARN_SUSPICIOUS_MOVE = YES;
				CLANG_WARN_UNGUARDED_AVAILABILITY = YES_AGGRESSIVE;
				CLANG_WARN_UNREACHABLE_CODE = YES;
				CLANG_WARN__DUPLICATE_METHOD_MATCH = YES;
				CODE_SIGN_IDENTITY = "iPhone Developer";
				COPY_PHASE_STRIP = NO;
				DEBUG_INFORMATION_FORMAT = "dwarf-with-dsym";
				ENABLE_NS_ASSERTIONS = NO;
				ENABLE_STRICT_OBJC_MSGSEND = YES;
				GCC_C_LANGUAGE_STANDARD = gnu11;
				GCC_NO_COMMON_BLOCKS = YES;
				GCC_WARN_64_TO_32_BIT_CONVERSION = YES;
				GCC_WARN_ABOUT_RETURN_TYPE = YES_ERROR;
				GCC_WARN_UNDECLARED_SELECTOR = YES;
				GCC_WARN_UNINITIALIZED_AUTOS = YES_AGGRESSIVE;
				GCC_WARN_UNUSED_FUNCTION = YES;
				GCC_WARN_UNUSED_VARIABLE = YES;
				IPHONEOS_DEPLOYMENT_TARGET = 7.0;
				MTL_ENABLE_DEBUG_INFO = NO;
				MTL_FAST_MATH = YES;
				SDKROOT = iphoneos;
				VALIDATE_PRODUCT = YES;
			};
			name = Release;
		};
		C7CFB31F2317A1730085836F /* Debug */ = {
			isa = XCBuildConfiguration;
			buildSettings = {
				ASSETCATALOG_COMPILER_APPICON_NAME = AppIcon;
				CODE_SIGN_STYLE = Automatic;
				INFOPLIST_FILE = DropDownMenu/Info.plist;
				LD_RUNPATH_SEARCH_PATHS = (
					"$(inherited)",
					"@executable_path/Frameworks",
				);
				PRODUCT_BUNDLE_IDENTIFIER = com.SampleProjectsBooth.DropDownMenu;
				PRODUCT_NAME = "$(TARGET_NAME)";
				TARGETED_DEVICE_FAMILY = "1,2";
			};
			name = Debug;
		};
		C7CFB3202317A1730085836F /* Release */ = {
			isa = XCBuildConfiguration;
			buildSettings = {
				ASSETCATALOG_COMPILER_APPICON_NAME = AppIcon;
				CODE_SIGN_STYLE = Automatic;
				INFOPLIST_FILE = DropDownMenu/Info.plist;
				LD_RUNPATH_SEARCH_PATHS = (
					"$(inherited)",
					"@executable_path/Frameworks",
				);
				PRODUCT_BUNDLE_IDENTIFIER = com.SampleProjectsBooth.DropDownMenu;
				PRODUCT_NAME = "$(TARGET_NAME)";
				TARGETED_DEVICE_FAMILY = "1,2";
			};
			name = Release;
		};
/* End XCBuildConfiguration section */

/* Begin XCConfigurationList section */
		C7CFB3032317A1710085836F /* Build configuration list for PBXProject "DropDownMenu" */ = {
			isa = XCConfigurationList;
			buildConfigurations = (
				C7CFB31C2317A1730085836F /* Debug */,
				C7CFB31D2317A1730085836F /* Release */,
			);
			defaultConfigurationIsVisible = 0;
			defaultConfigurationName = Release;
		};
		C7CFB31E2317A1730085836F /* Build configuration list for PBXNativeTarget "DropDownMenu" */ = {
			isa = XCConfigurationList;
			buildConfigurations = (
				C7CFB31F2317A1730085836F /* Debug */,
				C7CFB3202317A1730085836F /* Release */,
			);
			defaultConfigurationIsVisible = 0;
			defaultConfigurationName = Release;
		};
/* End XCConfigurationList section */
	};
	rootObject = C7CFB3002317A1710085836F /* Project object */;
}
